
Microsoft Visual Studio Solution File, Format Version 12.00
# Visual Studio Version 16
VisualStudioVersion = 16.0.30114.105
MinimumVisualStudioVersion = 10.0.40219.1
Project("{FAE04EC0-301F-11D3-BF4B-00C04F79EFBC}") = "Sonar.ConsoleApp", "Sonar.Console\Sonar.ConsoleApp.csproj", "{036009DE-AC89-4D99-B942-D79F3A447487}"
EndProject
Global
	GlobalSection(SolutionConfigurationPlatforms) = preSolution
		Debug|Any CPU = Debug|Any CPU
		Debug|x64 = Debug|x64
		Debug|x86 = Debug|x86
		Release|Any CPU = Release|Any CPU
		Release|x64 = Release|x64
		Release|x86 = Release|x86
	EndGlobalSection
	GlobalSection(ProjectConfigurationPlatforms) = postSolution
		{036009DE-AC89-4D99-B942-D79F3A447487}.Debug|Any CPU.ActiveCfg = Debug|Any CPU
		{036009DE-AC89-4D99-B942-D79F3A447487}.Debug|Any CPU.Build.0 = Debug|Any CPU
		{036009DE-AC89-4D99-B942-D79F3A447487}.Debug|x64.ActiveCfg = Debug|Any CPU
		{036009DE-AC89-4D99-B942-D79F3A447487}.Debug|x64.Build.0 = Debug|Any CPU
		{036009DE-AC89-4D99-B942-D79F3A447487}.Debug|x86.ActiveCfg = Debug|Any CPU
		{036009DE-AC89-4D99-B942-D79F3A447487}.Debug|x86.Build.0 = Debug|Any CPU
		{036009DE-AC89-4D99-B942-D79F3A447487}.Release|Any CPU.ActiveCfg = Release|Any CPU
		{036009DE-AC89-4D99-B942-D79F3A447487}.Release|Any CPU.Build.0 = Release|Any CPU
		{036009DE-AC89-4D99-B942-D79F3A447487}.Release|x64.ActiveCfg = Release|Any CPU
		{036009DE-AC89-4D99-B942-D79F3A447487}.Release|x64.Build.0 = Release|Any CPU
		{036009DE-AC89-4D99-B942-D79F3A447487}.Release|x86.ActiveCfg = Release|Any CPU
		{036009DE-AC89-4D99-B942-D79F3A447487}.Release|x86.Build.0 = Release|Any CPU
	EndGlobalSection
	GlobalSection(SolutionProperties) = preSolution
		HideSolutionNode = FALSE
	EndGlobalSection
	GlobalSection(ExtensibilityGlobals) = postSolution
		SolutionGuid = {3EC35E6D-1F41-491A-AD2D-10116C052802}
	EndGlobalSection
EndGlobal
